
Microsoft Visual Studio Solution File, Format Version 12.00
# Visual Studio Version 17
VisualStudioVersion = 17.5.2.0
MinimumVisualStudioVersion = 10.0.40219.1
Project("{9A19103F-16F7-4668-BE54-9A1E7A4F7556}") = "WebApi_ASPNETCore", "WebApi_ASPNETCore.csproj", "{0135362C-5DD4-4167-96C6-F05CAF336156}"
EndProject
Project("{FAE04EC0-301F-11D3-BF4B-00C04F79EFBC}") = "WebApi_ASPNETCore.Tests", "..\WebApi_ASPNETCore.Tests\WebApi_ASPNETCore.Tests.csproj", "{1A3EEB94-58EA-4CF7-B1A6-346C0ECB3C56}"
EndProject
Global
	GlobalSection(SolutionConfigurationPlatforms) = preSolution
		Debug|Any CPU = Debug|Any CPU
		Debug|x64 = Debug|x64
		Debug|x86 = Debug|x86
		Release|Any CPU = Release|Any CPU
		Release|x64 = Release|x64
		Release|x86 = Release|x86
	EndGlobalSection
	GlobalSection(ProjectConfigurationPlatforms) = postSolution
		{0135362C-5DD4-4167-96C6-F05CAF336156}.Debug|Any CPU.ActiveCfg = Debug|Any CPU
		{0135362C-5DD4-4167-96C6-F05CAF336156}.Debug|Any CPU.Build.0 = Debug|Any CPU
		{0135362C-5DD4-4167-96C6-F05CAF336156}.Debug|x64.ActiveCfg = Debug|Any CPU
		{0135362C-5DD4-4167-96C6-F05CAF336156}.Debug|x64.Build.0 = Debug|Any CPU
		{0135362C-5DD4-4167-96C6-F05CAF336156}.Debug|x86.ActiveCfg = Debug|Any CPU
		{0135362C-5DD4-4167-96C6-F05CAF336156}.Debug|x86.Build.0 = Debug|Any CPU
		{0135362C-5DD4-4167-96C6-F05CAF336156}.Release|Any CPU.ActiveCfg = Release|Any CPU
		{0135362C-5DD4-4167-96C6-F05CAF336156}.Release|Any CPU.Build.0 = Release|Any CPU
		{0135362C-5DD4-4167-96C6-F05CAF336156}.Release|x64.ActiveCfg = Release|Any CPU
		{0135362C-5DD4-4167-96C6-F05CAF336156}.Release|x64.Build.0 = Release|Any CPU
		{0135362C-5DD4-4167-96C6-F05CAF336156}.Release|x86.ActiveCfg = Release|Any CPU
		{0135362C-5DD4-4167-96C6-F05CAF336156}.Release|x86.Build.0 = Release|Any CPU
		{1A3EEB94-58EA-4CF7-B1A6-346C0ECB3C56}.Debug|Any CPU.ActiveCfg = Debug|Any CPU
		{1A3EEB94-58EA-4CF7-B1A6-346C0ECB3C56}.Debug|Any CPU.Build.0 = Debug|Any CPU
		{1A3EEB94-58EA-4CF7-B1A6-346C0ECB3C56}.Debug|x64.ActiveCfg = Debug|Any CPU
		{1A3EEB94-58EA-4CF7-B1A6-346C0ECB3C56}.Debug|x64.Build.0 = Debug|Any CPU
		{1A3EEB94-58EA-4CF7-B1A6-346C0ECB3C56}.Debug|x86.ActiveCfg = Debug|Any CPU
		{1A3EEB94-58EA-4CF7-B1A6-346C0ECB3C56}.Debug|x86.Build.0 = Debug|Any CPU
		{1A3EEB94-58EA-4CF7-B1A6-346C0ECB3C56}.Release|Any CPU.ActiveCfg = Release|Any CPU
		{1A3EEB94-58EA-4CF7-B1A6-346C0ECB3C56}.Release|Any CPU.Build.0 = Release|Any CPU
		{1A3EEB94-58EA-4CF7-B1A6-346C0ECB3C56}.Release|x64.ActiveCfg = Release|Any CPU
		{1A3EEB94-58EA-4CF7-B1A6-346C0ECB3C56}.Release|x64.Build.0 = Release|Any CPU
		{1A3EEB94-58EA-4CF7-B1A6-346C0ECB3C56}.Release|x86.ActiveCfg = Release|Any CPU
		{1A3EEB94-58EA-4CF7-B1A6-346C0ECB3C56}.Release|x86.Build.0 = Release|Any CPU
	EndGlobalSection
	GlobalSection(SolutionProperties) = preSolution
		HideSolutionNode = FALSE
	EndGlobalSection
	GlobalSection(ExtensibilityGlobals) = postSolution
		SolutionGuid = {A1BCE60D-B916-4750-B678-5C9226A8DDAD}
	EndGlobalSection
EndGlobal
